// !$*UTF8*$!
{
	archiveVersion = 1;
	classes = {
	};
	objectVersion = 50;
	objects = {

/* Begin PBXBuildFile section */
		840367F9248D8699004A536F /* AppDelegate.swift in Sources */ = {isa = PBXBuildFile; fileRef = 840367F8248D8699004A536F /* AppDelegate.swift */; };
		840367FB248D8699004A536F /* ViewController.swift in Sources */ = {isa = PBXBuildFile; fileRef = 840367FA248D8699004A536F /* ViewController.swift */; };
		840367FD248D869F004A536F /* Assets.xcassets in Resources */ = {isa = PBXBuildFile; fileRef = 840367FC248D869F004A536F /* Assets.xcassets */; };
		84036800248D869F004A536F /* Main.storyboard in Resources */ = {isa = PBXBuildFile; fileRef = 840367FE248D869F004A536F /* Main.storyboard */; };
		84036823248D874D004A536F /* main.mm in Sources */ = {isa = PBXBuildFile; fileRef = 84036822248D874D004A536F /* main.mm */; };
		84036828248D874D004A536F /* com.iManage.drive0.drive-native.hydrator.systemextension in Embed System Extensions */ = {isa = PBXBuildFile; fileRef = 8403681A248D874D004A536F /* com.iManage.drive0.drive-native.hydrator.systemextension */; settings = {ATTRIBUTES = (RemoveHeadersOnCopy, ); }; };
		8403682E248D8918004A536F /* SystemExtensions.framework in Frameworks */ = {isa = PBXBuildFile; fileRef = 8403682D248D8918004A536F /* SystemExtensions.framework */; };
		84DA266C24918A0E0083D85B /* drive_native_hydrator.framework in Frameworks */ = {isa = PBXBuildFile; fileRef = 84DA266324918A0E0083D85B /* drive_native_hydrator.framework */; };
		84DA267324918A0E0083D85B /* drive_native_hydratorTests.m in Sources */ = {isa = PBXBuildFile; fileRef = 84DA267224918A0E0083D85B /* drive_native_hydratorTests.m */; };
		84DA267524918A0E0083D85B /* drive_native_hydrator.h in Headers */ = {isa = PBXBuildFile; fileRef = 84DA266524918A0E0083D85B /* drive_native_hydrator.h */; settings = {ATTRIBUTES = (Public, ); }; };
		84DA267824918A0E0083D85B /* drive_native_hydrator.framework in Frameworks */ = {isa = PBXBuildFile; fileRef = 84DA266324918A0E0083D85B /* drive_native_hydrator.framework */; };
		84DA267924918A0E0083D85B /* drive_native_hydrator.framework in Embed Frameworks */ = {isa = PBXBuildFile; fileRef = 84DA266324918A0E0083D85B /* drive_native_hydrator.framework */; settings = {ATTRIBUTES = (RemoveHeadersOnCopy, ); }; };
		84DA268324918A6A0083D85B /* main.mm in Sources */ = {isa = PBXBuildFile; fileRef = 84DA268124918A6A0083D85B /* main.mm */; };
		84DA268424918A6A0083D85B /* main.h in Headers */ = {isa = PBXBuildFile; fileRef = 84DA268224918A6A0083D85B /* main.h */; settings = {ATTRIBUTES = (Public, ); }; };
		84DA268524918CE60083D85B /* libEndpointSecurity.tbd in Frameworks */ = {isa = PBXBuildFile; fileRef = 84036834248D922E004A536F /* libEndpointSecurity.tbd */; };
		84DA268624918CEE0083D85B /* libbsm.tbd in Frameworks */ = {isa = PBXBuildFile; fileRef = 84036832248D9226004A536F /* libbsm.tbd */; };
		84DA26892491976E0083D85B /* utils.mm in Sources */ = {isa = PBXBuildFile; fileRef = 84DA26872491976E0083D85B /* utils.mm */; };
		84DA268A2491976E0083D85B /* utils.h in Headers */ = {isa = PBXBuildFile; fileRef = 84DA26882491976E0083D85B /* utils.h */; settings = {ATTRIBUTES = (Public, ); }; };
		84DA26932491D0DF0083D85B /* drive_native_hydrator.framework in Frameworks */ = {isa = PBXBuildFile; fileRef = 84DA266324918A0E0083D85B /* drive_native_hydrator.framework */; };
		84DA26942491D0DF0083D85B /* drive_native_hydrator.framework in CopyFiles */ = {isa = PBXBuildFile; fileRef = 84DA266324918A0E0083D85B /* drive_native_hydrator.framework */; settings = {ATTRIBUTES = (CodeSignOnCopy, RemoveHeadersOnCopy, ); }; };
/* End PBXBuildFile section */

/* Begin PBXContainerItemProxy section */
		84036826248D874D004A536F /* PBXContainerItemProxy */ = {
			isa = PBXContainerItemProxy;
			containerPortal = 840367ED248D8699004A536F /* Project object */;
			proxyType = 1;
			remoteGlobalIDString = 84036819248D874D004A536F;
			remoteInfo = hydrator;
		};
		84DA266D24918A0E0083D85B /* PBXContainerItemProxy */ = {
			isa = PBXContainerItemProxy;
			containerPortal = 840367ED248D8699004A536F /* Project object */;
			proxyType = 1;
			remoteGlobalIDString = 84DA266224918A0E0083D85B;
			remoteInfo = drive_native_hydrator;
		};
		84DA266F24918A0E0083D85B /* PBXContainerItemProxy */ = {
			isa = PBXContainerItemProxy;
			containerPortal = 840367ED248D8699004A536F /* Project object */;
			proxyType = 1;
			remoteGlobalIDString = 840367F4248D8699004A536F;
			remoteInfo = drive_native;
		};
		84DA267624918A0E0083D85B /* PBXContainerItemProxy */ = {
			isa = PBXContainerItemProxy;
			containerPortal = 840367ED248D8699004A536F /* Project object */;
			proxyType = 1;
			remoteGlobalIDString = 84DA266224918A0E0083D85B;
			remoteInfo = drive_native_hydrator;
		};
/* End PBXContainerItemProxy section */

/* Begin PBXCopyFilesBuildPhase section */
		8403682C248D874D004A536F /* Embed System Extensions */ = {
			isa = PBXCopyFilesBuildPhase;
			buildActionMask = 2147483647;
			dstPath = "$(SYSTEM_EXTENSIONS_FOLDER_PATH)";
			dstSubfolderSpec = 16;
			files = (
				84036828248D874D004A536F /* com.iManage.drive0.drive-native.hydrator.systemextension in Embed System Extensions */,
			);
			name = "Embed System Extensions";
			runOnlyForDeploymentPostprocessing = 0;
		};
		84DA267D24918A0E0083D85B /* Embed Frameworks */ = {
			isa = PBXCopyFilesBuildPhase;
			buildActionMask = 2147483647;
			dstPath = "";
			dstSubfolderSpec = 10;
			files = (
				84DA267924918A0E0083D85B /* drive_native_hydrator.framework in Embed Frameworks */,
			);
			name = "Embed Frameworks";
			runOnlyForDeploymentPostprocessing = 0;
		};
		84DA268E2491CC830083D85B /* CopyFiles */ = {
			isa = PBXCopyFilesBuildPhase;
			buildActionMask = 12;
			dstPath = "";
			dstSubfolderSpec = 10;
			files = (
				84DA26942491D0DF0083D85B /* drive_native_hydrator.framework in CopyFiles */,
			);
			runOnlyForDeploymentPostprocessing = 0;
		};
/* End PBXCopyFilesBuildPhase section */

/* Begin PBXFileReference section */
		840367F5248D8699004A536F /* drive_native.app */ = {isa = PBXFileReference; explicitFileType = wrapper.application; includeInIndex = 0; path = drive_native.app; sourceTree = BUILT_PRODUCTS_DIR; };
		840367F8248D8699004A536F /* AppDelegate.swift */ = {isa = PBXFileReference; lastKnownFileType = sourcecode.swift; path = AppDelegate.swift; sourceTree = "<group>"; };
		840367FA248D8699004A536F /* ViewController.swift */ = {isa = PBXFileReference; lastKnownFileType = sourcecode.swift; path = ViewController.swift; sourceTree = "<group>"; };
		840367FC248D869F004A536F /* Assets.xcassets */ = {isa = PBXFileReference; lastKnownFileType = folder.assetcatalog; path = Assets.xcassets; sourceTree = "<group>"; };
		840367FF248D869F004A536F /* Base */ = {isa = PBXFileReference; lastKnownFileType = file.storyboard; name = Base; path = Base.lproj/Main.storyboard; sourceTree = "<group>"; };
		84036801248D869F004A536F /* Info.plist */ = {isa = PBXFileReference; lastKnownFileType = text.plist.xml; path = Info.plist; sourceTree = "<group>"; };
		84036802248D869F004A536F /* drive_native.entitlements */ = {isa = PBXFileReference; lastKnownFileType = text.plist.entitlements; path = drive_native.entitlements; sourceTree = "<group>"; };
		8403681A248D874D004A536F /* com.iManage.drive0.drive-native.hydrator.systemextension */ = {isa = PBXFileReference; explicitFileType = "wrapper.system-extension"; includeInIndex = 0; path = "com.iManage.drive0.drive-native.hydrator.systemextension"; sourceTree = BUILT_PRODUCTS_DIR; };
		84036822248D874D004A536F /* main.mm */ = {isa = PBXFileReference; explicitFileType = sourcecode.cpp.objcpp; path = main.mm; sourceTree = "<group>"; };
		84036824248D874D004A536F /* Info.plist */ = {isa = PBXFileReference; lastKnownFileType = text.plist.xml; path = Info.plist; sourceTree = "<group>"; };
		84036825248D874D004A536F /* hydrator.entitlements */ = {isa = PBXFileReference; lastKnownFileType = text.plist.entitlements; path = hydrator.entitlements; sourceTree = "<group>"; };
		8403682D248D8918004A536F /* SystemExtensions.framework */ = {isa = PBXFileReference; lastKnownFileType = wrapper.framework; name = SystemExtensions.framework; path = System/Library/Frameworks/SystemExtensions.framework; sourceTree = SDKROOT; };
		84036831248D908E004A536F /* HTTPRequest.h */ = {isa = PBXFileReference; lastKnownFileType = sourcecode.c.h; path = HTTPRequest.h; sourceTree = "<group>"; };
		84036832248D9226004A536F /* libbsm.tbd */ = {isa = PBXFileReference; lastKnownFileType = "sourcecode.text-based-dylib-definition"; name = libbsm.tbd; path = usr/lib/libbsm.tbd; sourceTree = SDKROOT; };
		84036834248D922E004A536F /* libEndpointSecurity.tbd */ = {isa = PBXFileReference; lastKnownFileType = "sourcecode.text-based-dylib-definition"; name = libEndpointSecurity.tbd; path = usr/lib/libEndpointSecurity.tbd; sourceTree = SDKROOT; };
		84DA25FB24915D610083D85B /* unit_test_source.mm */ = {isa = PBXFileReference; explicitFileType = sourcecode.cpp.objcpp; path = unit_test_source.mm; sourceTree = "<group>"; };
		84DA25FC24915D610083D85B /* unit_test_source.hpp */ = {isa = PBXFileReference; lastKnownFileType = sourcecode.cpp.h; path = unit_test_source.hpp; sourceTree = "<group>"; };
		84DA25FE24915FA00083D85B /* Catch2.hpp */ = {isa = PBXFileReference; lastKnownFileType = sourcecode.cpp.h; path = Catch2.hpp; sourceTree = "<group>"; };
		84DA266324918A0E0083D85B /* drive_native_hydrator.framework */ = {isa = PBXFileReference; explicitFileType = wrapper.framework; includeInIndex = 0; path = drive_native_hydrator.framework; sourceTree = BUILT_PRODUCTS_DIR; };
		84DA266524918A0E0083D85B /* drive_native_hydrator.h */ = {isa = PBXFileReference; explicitFileType = sourcecode.cpp.h; path = drive_native_hydrator.h; sourceTree = "<group>"; };
		84DA266624918A0E0083D85B /* Info.plist */ = {isa = PBXFileReference; lastKnownFileType = text.plist.xml; path = Info.plist; sourceTree = "<group>"; };
		84DA266B24918A0E0083D85B /* drive_native_hydratorTests.xctest */ = {isa = PBXFileReference; explicitFileType = wrapper.cfbundle; includeInIndex = 0; path = drive_native_hydratorTests.xctest; sourceTree = BUILT_PRODUCTS_DIR; };
		84DA267224918A0E0083D85B /* drive_native_hydratorTests.m */ = {isa = PBXFileReference; lastKnownFileType = sourcecode.c.objc; path = drive_native_hydratorTests.m; sourceTree = "<group>"; };
		84DA267424918A0E0083D85B /* Info.plist */ = {isa = PBXFileReference; lastKnownFileType = text.plist.xml; path = Info.plist; sourceTree = "<group>"; };
		84DA268124918A6A0083D85B /* main.mm */ = {isa = PBXFileReference; lastKnownFileType = sourcecode.cpp.objcpp; path = main.mm; sourceTree = "<group>"; };
		84DA268224918A6A0083D85B /* main.h */ = {isa = PBXFileReference; explicitFileType = sourcecode.cpp.h; path = main.h; sourceTree = "<group>"; };
		84DA26872491976E0083D85B /* utils.mm */ = {isa = PBXFileReference; explicitFileType = sourcecode.cpp.objcpp; path = utils.mm; sourceTree = "<group>"; };
		84DA26882491976E0083D85B /* utils.h */ = {isa = PBXFileReference; explicitFileType = sourcecode.cpp.h; path = utils.h; sourceTree = "<group>"; };
		84DA268B2491B47E0083D85B /* HTTPRequest.h */ = {isa = PBXFileReference; lastKnownFileType = sourcecode.c.h; path = HTTPRequest.h; sourceTree = "<group>"; };
/* End PBXFileReference section */

/* Begin PBXFrameworksBuildPhase section */
		840367F2248D8699004A536F /* Frameworks */ = {
			isa = PBXFrameworksBuildPhase;
			buildActionMask = 2147483647;
			files = (
				8403682E248D8918004A536F /* SystemExtensions.framework in Frameworks */,
				84DA267824918A0E0083D85B /* drive_native_hydrator.framework in Frameworks */,
			);
			runOnlyForDeploymentPostprocessing = 0;
		};
		84036817248D874D004A536F /* Frameworks */ = {
			isa = PBXFrameworksBuildPhase;
			buildActionMask = 2147483647;
			files = (
				84DA26932491D0DF0083D85B /* drive_native_hydrator.framework in Frameworks */,
			);
			runOnlyForDeploymentPostprocessing = 0;
		};
		84DA266024918A0E0083D85B /* Frameworks */ = {
			isa = PBXFrameworksBuildPhase;
			buildActionMask = 2147483647;
			files = (
				84DA268624918CEE0083D85B /* libbsm.tbd in Frameworks */,
				84DA268524918CE60083D85B /* libEndpointSecurity.tbd in Frameworks */,
			);
			runOnlyForDeploymentPostprocessing = 0;
		};
		84DA266824918A0E0083D85B /* Frameworks */ = {
			isa = PBXFrameworksBuildPhase;
			buildActionMask = 2147483647;
			files = (
				84DA266C24918A0E0083D85B /* drive_native_hydrator.framework in Frameworks */,
			);
			runOnlyForDeploymentPostprocessing = 0;
		};
/* End PBXFrameworksBuildPhase section */

/* Begin PBXGroup section */
		840367EC248D8699004A536F = {
			isa = PBXGroup;
			children = (
				840367F7248D8699004A536F /* drive_native */,
				8403681E248D874D004A536F /* hydrator */,
				84DA266424918A0E0083D85B /* drive_native_hydrator */,
				84DA267124918A0E0083D85B /* drive_native_hydratorTests */,
				8403681B248D874D004A536F /* Frameworks */,
				840367F6248D8699004A536F /* Products */,
			);
			sourceTree = "<group>";
		};
		840367F6248D8699004A536F /* Products */ = {
			isa = PBXGroup;
			children = (
				840367F5248D8699004A536F /* drive_native.app */,
				8403681A248D874D004A536F /* com.iManage.drive0.drive-native.hydrator.systemextension */,
				84DA266324918A0E0083D85B /* drive_native_hydrator.framework */,
				84DA266B24918A0E0083D85B /* drive_native_hydratorTests.xctest */,
			);
			name = Products;
			sourceTree = "<group>";
		};
		840367F7248D8699004A536F /* drive_native */ = {
			isa = PBXGroup;
			children = (
				840367F8248D8699004A536F /* AppDelegate.swift */,
				840367FA248D8699004A536F /* ViewController.swift */,
				840367FC248D869F004A536F /* Assets.xcassets */,
				840367FE248D869F004A536F /* Main.storyboard */,
				84036801248D869F004A536F /* Info.plist */,
				84036802248D869F004A536F /* drive_native.entitlements */,
			);
			path = drive_native;
			sourceTree = "<group>";
		};
		8403681B248D874D004A536F /* Frameworks */ = {
			isa = PBXGroup;
			children = (
				84036834248D922E004A536F /* libEndpointSecurity.tbd */,
				84036832248D9226004A536F /* libbsm.tbd */,
				8403682D248D8918004A536F /* SystemExtensions.framework */,
			);
			name = Frameworks;
			sourceTree = "<group>";
		};
		8403681E248D874D004A536F /* hydrator */ = {
			isa = PBXGroup;
			children = (
				84036831248D908E004A536F /* HTTPRequest.h */,
				84036822248D874D004A536F /* main.mm */,
				84036824248D874D004A536F /* Info.plist */,
				84036825248D874D004A536F /* hydrator.entitlements */,
				84DA25FB24915D610083D85B /* unit_test_source.mm */,
				84DA25FC24915D610083D85B /* unit_test_source.hpp */,
				84DA25FE24915FA00083D85B /* Catch2.hpp */,
			);
			path = hydrator;
			sourceTree = "<group>";
		};
		84DA266424918A0E0083D85B /* drive_native_hydrator */ = {
			isa = PBXGroup;
			children = (
				84DA266524918A0E0083D85B /* drive_native_hydrator.h */,
				84DA266624918A0E0083D85B /* Info.plist */,
				84DA268124918A6A0083D85B /* main.mm */,
				84DA268224918A6A0083D85B /* main.h */,
				84DA26872491976E0083D85B /* utils.mm */,
				84DA26882491976E0083D85B /* utils.h */,
				84DA268B2491B47E0083D85B /* HTTPRequest.h */,
			);
			path = drive_native_hydrator;
			sourceTree = "<group>";
		};
		84DA267124918A0E0083D85B /* drive_native_hydratorTests */ = {
			isa = PBXGroup;
			children = (
				84DA267224918A0E0083D85B /* drive_native_hydratorTests.m */,
				84DA267424918A0E0083D85B /* Info.plist */,
			);
			path = drive_native_hydratorTests;
			sourceTree = "<group>";
		};
/* End PBXGroup section */

/* Begin PBXHeadersBuildPhase section */
		84DA265E24918A0E0083D85B /* Headers */ = {
			isa = PBXHeadersBuildPhase;
			buildActionMask = 2147483647;
			files = (
				84DA268424918A6A0083D85B /* main.h in Headers */,
				84DA268A2491976E0083D85B /* utils.h in Headers */,
				84DA267524918A0E0083D85B /* drive_native_hydrator.h in Headers */,
			);
			runOnlyForDeploymentPostprocessing = 0;
		};
/* End PBXHeadersBuildPhase section */

/* Begin PBXNativeTarget section */
		840367F4248D8699004A536F /* drive_native */ = {
			isa = PBXNativeTarget;
			buildConfigurationList = 84036810248D869F004A536F /* Build configuration list for PBXNativeTarget "drive_native" */;
			buildPhases = (
				840367F1248D8699004A536F /* Sources */,
				840367F2248D8699004A536F /* Frameworks */,
				840367F3248D8699004A536F /* Resources */,
				8403682C248D874D004A536F /* Embed System Extensions */,
				84DA267D24918A0E0083D85B /* Embed Frameworks */,
			);
			buildRules = (
			);
			dependencies = (
				84036827248D874D004A536F /* PBXTargetDependency */,
				84DA267724918A0E0083D85B /* PBXTargetDependency */,
			);
			name = drive_native;
			productName = drive_native;
			productReference = 840367F5248D8699004A536F /* drive_native.app */;
			productType = "com.apple.product-type.application";
		};
		84036819248D874D004A536F /* hydrator */ = {
			isa = PBXNativeTarget;
			buildConfigurationList = 84036829248D874D004A536F /* Build configuration list for PBXNativeTarget "hydrator" */;
			buildPhases = (
				84036816248D874D004A536F /* Sources */,
				84036817248D874D004A536F /* Frameworks */,
				84036818248D874D004A536F /* Resources */,
				84DA268E2491CC830083D85B /* CopyFiles */,
			);
			buildRules = (
			);
			dependencies = (
			);
			name = hydrator;
			productName = hydrator;
			productReference = 8403681A248D874D004A536F /* com.iManage.drive0.drive-native.hydrator.systemextension */;
			productType = "com.apple.product-type.system-extension";
		};
		84DA266224918A0E0083D85B /* drive_native_hydrator */ = {
			isa = PBXNativeTarget;
			buildConfigurationList = 84DA267A24918A0E0083D85B /* Build configuration list for PBXNativeTarget "drive_native_hydrator" */;
			buildPhases = (
				84DA265E24918A0E0083D85B /* Headers */,
				84DA265F24918A0E0083D85B /* Sources */,
				84DA266024918A0E0083D85B /* Frameworks */,
				84DA266124918A0E0083D85B /* Resources */,
			);
			buildRules = (
			);
			dependencies = (
			);
			name = drive_native_hydrator;
			productName = drive_native_hydrator;
			productReference = 84DA266324918A0E0083D85B /* drive_native_hydrator.framework */;
			productType = "com.apple.product-type.framework";
		};
		84DA266A24918A0E0083D85B /* drive_native_hydratorTests */ = {
			isa = PBXNativeTarget;
			buildConfigurationList = 84DA267E24918A0E0083D85B /* Build configuration list for PBXNativeTarget "drive_native_hydratorTests" */;
			buildPhases = (
				84DA266724918A0E0083D85B /* Sources */,
				84DA266824918A0E0083D85B /* Frameworks */,
				84DA266924918A0E0083D85B /* Resources */,
			);
			buildRules = (
			);
			dependencies = (
				84DA266E24918A0E0083D85B /* PBXTargetDependency */,
				84DA267024918A0E0083D85B /* PBXTargetDependency */,
			);
			name = drive_native_hydratorTests;
			productName = drive_native_hydratorTests;
			productReference = 84DA266B24918A0E0083D85B /* drive_native_hydratorTests.xctest */;
			productType = "com.apple.product-type.bundle.unit-test";
		};
/* End PBXNativeTarget section */

/* Begin PBXProject section */
		840367ED248D8699004A536F /* Project object */ = {
			isa = PBXProject;
			attributes = {
				LastSwiftUpdateCheck = 1150;
				LastUpgradeCheck = 1150;
				ORGANIZATIONNAME = admin;
				TargetAttributes = {
					840367F4248D8699004A536F = {
						CreatedOnToolsVersion = 11.5;
					};
					84036819248D874D004A536F = {
						CreatedOnToolsVersion = 11.5;
					};
					84DA266224918A0E0083D85B = {
						CreatedOnToolsVersion = 11.5;
					};
					84DA266A24918A0E0083D85B = {
						CreatedOnToolsVersion = 11.5;
						TestTargetID = 840367F4248D8699004A536F;
					};
				};
			};
			buildConfigurationList = 840367F0248D8699004A536F /* Build configuration list for PBXProject "drive_native" */;
			compatibilityVersion = "Xcode 9.3";
			developmentRegion = en;
			hasScannedForEncodings = 0;
			knownRegions = (
				en,
				Base,
			);
			mainGroup = 840367EC248D8699004A536F;
			productRefGroup = 840367F6248D8699004A536F /* Products */;
			projectDirPath = "";
			projectRoot = "";
			targets = (
				840367F4248D8699004A536F /* drive_native */,
				84036819248D874D004A536F /* hydrator */,
				84DA266224918A0E0083D85B /* drive_native_hydrator */,
				84DA266A24918A0E0083D85B /* drive_native_hydratorTests */,
			);
		};
/* End PBXProject section */

/* Begin PBXResourcesBuildPhase section */
		840367F3248D8699004A536F /* Resources */ = {
			isa = PBXResourcesBuildPhase;
			buildActionMask = 2147483647;
			files = (
				840367FD248D869F004A536F /* Assets.xcassets in Resources */,
				84036800248D869F004A536F /* Main.storyboard in Resources */,
			);
			runOnlyForDeploymentPostprocessing = 0;
		};
		84036818248D874D004A536F /* Resources */ = {
			isa = PBXResourcesBuildPhase;
			buildActionMask = 2147483647;
			files = (
			);
			runOnlyForDeploymentPostprocessing = 0;
		};
		84DA266124918A0E0083D85B /* Resources */ = {
			isa = PBXResourcesBuildPhase;
			buildActionMask = 2147483647;
			files = (
			);
			runOnlyForDeploymentPostprocessing = 0;
		};
		84DA266924918A0E0083D85B /* Resources */ = {
			isa = PBXResourcesBuildPhase;
			buildActionMask = 2147483647;
			files = (
			);
			runOnlyForDeploymentPostprocessing = 0;
		};
/* End PBXResourcesBuildPhase section */

/* Begin PBXSourcesBuildPhase section */
		840367F1248D8699004A536F /* Sources */ = {
			isa = PBXSourcesBuildPhase;
			buildActionMask = 2147483647;
			files = (
				840367FB248D8699004A536F /* ViewController.swift in Sources */,
				840367F9248D8699004A536F /* AppDelegate.swift in Sources */,
			);
			runOnlyForDeploymentPostprocessing = 0;
		};
		84036816248D874D004A536F /* Sources */ = {
			isa = PBXSourcesBuildPhase;
			buildActionMask = 2147483647;
			files = (
				84036823248D874D004A536F /* main.mm in Sources */,
			);
			runOnlyForDeploymentPostprocessing = 0;
		};
		84DA265F24918A0E0083D85B /* Sources */ = {
			isa = PBXSourcesBuildPhase;
			buildActionMask = 2147483647;
			files = (
				84DA268324918A6A0083D85B /* main.mm in Sources */,
				84DA26892491976E0083D85B /* utils.mm in Sources */,
			);
			runOnlyForDeploymentPostprocessing = 0;
		};
		84DA266724918A0E0083D85B /* Sources */ = {
			isa = PBXSourcesBuildPhase;
			buildActionMask = 2147483647;
			files = (
				84DA267324918A0E0083D85B /* drive_native_hydratorTests.m in Sources */,
			);
			runOnlyForDeploymentPostprocessing = 0;
		};
/* End PBXSourcesBuildPhase section */

/* Begin PBXTargetDependency section */
		84036827248D874D004A536F /* PBXTargetDependency */ = {
			isa = PBXTargetDependency;
			target = 84036819248D874D004A536F /* hydrator */;
			targetProxy = 84036826248D874D004A536F /* PBXContainerItemProxy */;
		};
		84DA266E24918A0E0083D85B /* PBXTargetDependency */ = {
			isa = PBXTargetDependency;
			target = 84DA266224918A0E0083D85B /* drive_native_hydrator */;
			targetProxy = 84DA266D24918A0E0083D85B /* PBXContainerItemProxy */;
		};
		84DA267024918A0E0083D85B /* PBXTargetDependency */ = {
			isa = PBXTargetDependency;
			target = 840367F4248D8699004A536F /* drive_native */;
			targetProxy = 84DA266F24918A0E0083D85B /* PBXContainerItemProxy */;
		};
		84DA267724918A0E0083D85B /* PBXTargetDependency */ = {
			isa = PBXTargetDependency;
			target = 84DA266224918A0E0083D85B /* drive_native_hydrator */;
			targetProxy = 84DA267624918A0E0083D85B /* PBXContainerItemProxy */;
		};
/* End PBXTargetDependency section */

/* Begin PBXVariantGroup section */
		840367FE248D869F004A536F /* Main.storyboard */ = {
			isa = PBXVariantGroup;
			children = (
				840367FF248D869F004A536F /* Base */,
			);
			name = Main.storyboard;
			sourceTree = "<group>";
		};
/* End PBXVariantGroup section */

/* Begin XCBuildConfiguration section */
		8403680E248D869F004A536F /* Debug */ = {
			isa = XCBuildConfiguration;
			buildSettings = {
				ALWAYS_SEARCH_USER_PATHS = NO;
				CLANG_ANALYZER_NONNULL = YES;
				CLANG_ANALYZER_NUMBER_OBJECT_CONVERSION = YES_AGGRESSIVE;
				CLANG_CXX_LANGUAGE_STANDARD = "gnu++14";
				CLANG_CXX_LIBRARY = "libc++";
				CLANG_ENABLE_MODULES = YES;
				CLANG_ENABLE_OBJC_ARC = YES;
				CLANG_ENABLE_OBJC_WEAK = YES;
				CLANG_WARN_BLOCK_CAPTURE_AUTORELEASING = YES;
				CLANG_WARN_BOOL_CONVERSION = YES;
				CLANG_WARN_COMMA = YES;
				CLANG_WARN_CONSTANT_CONVERSION = YES;
				CLANG_WARN_DEPRECATED_OBJC_IMPLEMENTATIONS = YES;
				CLANG_WARN_DIRECT_OBJC_ISA_USAGE = YES_ERROR;
				CLANG_WARN_DOCUMENTATION_COMMENTS = YES;
				CLANG_WARN_EMPTY_BODY = YES;
				CLANG_WARN_ENUM_CONVERSION = YES;
				CLANG_WARN_INFINITE_RECURSION = YES;
				CLANG_WARN_INT_CONVERSION = YES;
				CLANG_WARN_NON_LITERAL_NULL_CONVERSION = YES;
				CLANG_WARN_OBJC_IMPLICIT_RETAIN_SELF = YES;
				CLANG_WARN_OBJC_LITERAL_CONVERSION = YES;
				CLANG_WARN_OBJC_ROOT_CLASS = YES_ERROR;
				CLANG_WARN_RANGE_LOOP_ANALYSIS = YES;
				CLANG_WARN_STRICT_PROTOTYPES = YES;
				CLANG_WARN_SUSPICIOUS_MOVE = YES;
				CLANG_WARN_UNGUARDED_AVAILABILITY = YES_AGGRESSIVE;
				CLANG_WARN_UNREACHABLE_CODE = YES;
				CLANG_WARN__DUPLICATE_METHOD_MATCH = YES;
				COPY_PHASE_STRIP = NO;
				DEBUG_INFORMATION_FORMAT = dwarf;
				ENABLE_STRICT_OBJC_MSGSEND = YES;
				ENABLE_TESTABILITY = YES;
				GCC_C_LANGUAGE_STANDARD = gnu11;
				GCC_DYNAMIC_NO_PIC = NO;
				GCC_NO_COMMON_BLOCKS = YES;
				GCC_OPTIMIZATION_LEVEL = 0;
				GCC_PREPROCESSOR_DEFINITIONS = (
					"DEBUG=1",
					"$(inherited)",
				);
				GCC_WARN_64_TO_32_BIT_CONVERSION = YES;
				GCC_WARN_ABOUT_RETURN_TYPE = YES_ERROR;
				GCC_WARN_UNDECLARED_SELECTOR = YES;
				GCC_WARN_UNINITIALIZED_AUTOS = YES_AGGRESSIVE;
				GCC_WARN_UNUSED_FUNCTION = YES;
				GCC_WARN_UNUSED_VARIABLE = YES;
				MACOSX_DEPLOYMENT_TARGET = 10.15;
				MTL_ENABLE_DEBUG_INFO = INCLUDE_SOURCE;
				MTL_FAST_MATH = YES;
				ONLY_ACTIVE_ARCH = YES;
				SDKROOT = macosx;
				SWIFT_ACTIVE_COMPILATION_CONDITIONS = DEBUG;
				SWIFT_OPTIMIZATION_LEVEL = "-Onone";
			};
			name = Debug;
		};
		8403680F248D869F004A536F /* Release */ = {
			isa = XCBuildConfiguration;
			buildSettings = {
				ALWAYS_SEARCH_USER_PATHS = NO;
				CLANG_ANALYZER_NONNULL = YES;
				CLANG_ANALYZER_NUMBER_OBJECT_CONVERSION = YES_AGGRESSIVE;
				CLANG_CXX_LANGUAGE_STANDARD = "gnu++14";
				CLANG_CXX_LIBRARY = "libc++";
				CLANG_ENABLE_MODULES = YES;
				CLANG_ENABLE_OBJC_ARC = YES;
				CLANG_ENABLE_OBJC_WEAK = YES;
				CLANG_WARN_BLOCK_CAPTURE_AUTORELEASING = YES;
				CLANG_WARN_BOOL_CONVERSION = YES;
				CLANG_WARN_COMMA = YES;
				CLANG_WARN_CONSTANT_CONVERSION = YES;
				CLANG_WARN_DEPRECATED_OBJC_IMPLEMENTATIONS = YES;
				CLANG_WARN_DIRECT_OBJC_ISA_USAGE = YES_ERROR;
				CLANG_WARN_DOCUMENTATION_COMMENTS = YES;
				CLANG_WARN_EMPTY_BODY = YES;
				CLANG_WARN_ENUM_CONVERSION = YES;
				CLANG_WARN_INFINITE_RECURSION = YES;
				CLANG_WARN_INT_CONVERSION = YES;
				CLANG_WARN_NON_LITERAL_NULL_CONVERSION = YES;
				CLANG_WARN_OBJC_IMPLICIT_RETAIN_SELF = YES;
				CLANG_WARN_OBJC_LITERAL_CONVERSION = YES;
				CLANG_WARN_OBJC_ROOT_CLASS = YES_ERROR;
				CLANG_WARN_RANGE_LOOP_ANALYSIS = YES;
				CLANG_WARN_STRICT_PROTOTYPES = YES;
				CLANG_WARN_SUSPICIOUS_MOVE = YES;
				CLANG_WARN_UNGUARDED_AVAILABILITY = YES_AGGRESSIVE;
				CLANG_WARN_UNREACHABLE_CODE = YES;
				CLANG_WARN__DUPLICATE_METHOD_MATCH = YES;
				COPY_PHASE_STRIP = NO;
				DEBUG_INFORMATION_FORMAT = "dwarf-with-dsym";
				ENABLE_NS_ASSERTIONS = NO;
				ENABLE_STRICT_OBJC_MSGSEND = YES;
				GCC_C_LANGUAGE_STANDARD = gnu11;
				GCC_NO_COMMON_BLOCKS = YES;
				GCC_WARN_64_TO_32_BIT_CONVERSION = YES;
				GCC_WARN_ABOUT_RETURN_TYPE = YES_ERROR;
				GCC_WARN_UNDECLARED_SELECTOR = YES;
				GCC_WARN_UNINITIALIZED_AUTOS = YES_AGGRESSIVE;
				GCC_WARN_UNUSED_FUNCTION = YES;
				GCC_WARN_UNUSED_VARIABLE = YES;
				MACOSX_DEPLOYMENT_TARGET = 10.15;
				MTL_ENABLE_DEBUG_INFO = NO;
				MTL_FAST_MATH = YES;
				SDKROOT = macosx;
				SWIFT_COMPILATION_MODE = wholemodule;
				SWIFT_OPTIMIZATION_LEVEL = "-O";
			};
			name = Release;
		};
		84036811248D869F004A536F /* Debug */ = {
			isa = XCBuildConfiguration;
			buildSettings = {
				ASSETCATALOG_COMPILER_APPICON_NAME = AppIcon;
				CODE_SIGN_ENTITLEMENTS = drive_native/drive_native.entitlements;
				CODE_SIGN_IDENTITY = "Apple Development";
				CODE_SIGN_STYLE = Automatic;
				COMBINE_HIDPI_IMAGES = YES;
				DEVELOPMENT_TEAM = HGLC38RWEJ;
				INFOPLIST_FILE = drive_native/Info.plist;
				LD_RUNPATH_SEARCH_PATHS = (
					"$(inherited)",
					"@executable_path/../Frameworks",
				);
				PRODUCT_BUNDLE_IDENTIFIER = "com.iManage.drive0.drive-native";
				PRODUCT_NAME = "$(TARGET_NAME)";
				SWIFT_VERSION = 5.0;
			};
			name = Debug;
		};
		84036812248D869F004A536F /* Release */ = {
			isa = XCBuildConfiguration;
			buildSettings = {
				ASSETCATALOG_COMPILER_APPICON_NAME = AppIcon;
				CODE_SIGN_ENTITLEMENTS = drive_native/drive_native.entitlements;
				CODE_SIGN_IDENTITY = "Apple Development";
				CODE_SIGN_STYLE = Automatic;
				COMBINE_HIDPI_IMAGES = YES;
				DEVELOPMENT_TEAM = HGLC38RWEJ;
				INFOPLIST_FILE = drive_native/Info.plist;
				LD_RUNPATH_SEARCH_PATHS = (
					"$(inherited)",
					"@executable_path/../Frameworks",
				);
				PRODUCT_BUNDLE_IDENTIFIER = "com.iManage.drive0.drive-native";
				PRODUCT_NAME = "$(TARGET_NAME)";
				SWIFT_VERSION = 5.0;
			};
			name = Release;
		};
		8403682A248D874D004A536F /* Debug */ = {
			isa = XCBuildConfiguration;
			buildSettings = {
				CODE_SIGN_ENTITLEMENTS = hydrator/hydrator.entitlements;
				CODE_SIGN_STYLE = Automatic;
				DEVELOPMENT_TEAM = HGLC38RWEJ;
				INFOPLIST_FILE = hydrator/Info.plist;
				LD_RUNPATH_SEARCH_PATHS = (
					"$(inherited)",
					"@executable_path/../Frameworks",
					"@executable_path/../../../../Frameworks",
				);
				MACOSX_DEPLOYMENT_TARGET = 10.15;
				PRODUCT_BUNDLE_IDENTIFIER = "com.iManage.drive0.drive-native.hydrator";
				PRODUCT_NAME = "$(inherited)";
				SKIP_INSTALL = YES;
			};
			name = Debug;
		};
		8403682B248D874D004A536F /* Release */ = {
			isa = XCBuildConfiguration;
			buildSettings = {
				CODE_SIGN_ENTITLEMENTS = hydrator/hydrator.entitlements;
				CODE_SIGN_STYLE = Automatic;
				DEVELOPMENT_TEAM = HGLC38RWEJ;
				INFOPLIST_FILE = hydrator/Info.plist;
				LD_RUNPATH_SEARCH_PATHS = (
					"$(inherited)",
					"@executable_path/../Frameworks",
					"@executable_path/../../../../Frameworks",
				);
				MACOSX_DEPLOYMENT_TARGET = 10.15;
				PRODUCT_BUNDLE_IDENTIFIER = "com.iManage.drive0.drive-native.hydrator";
				PRODUCT_NAME = "$(inherited)";
				SKIP_INSTALL = YES;
			};
			name = Release;
		};
		84DA267B24918A0E0083D85B /* Debug */ = {
			isa = XCBuildConfiguration;
			buildSettings = {
				CODE_SIGN_IDENTITY = "Apple Development";
				CODE_SIGN_STYLE = Automatic;
				COMBINE_HIDPI_IMAGES = YES;
				CURRENT_PROJECT_VERSION = 1;
				DEFINES_MODULE = YES;
				DEVELOPMENT_TEAM = HGLC38RWEJ;
				DYLIB_COMPATIBILITY_VERSION = 1;
				DYLIB_CURRENT_VERSION = 1;
				DYLIB_INSTALL_NAME_BASE = "@rpath";
				INFOPLIST_FILE = drive_native_hydrator/Info.plist;
				INSTALL_PATH = "$(LOCAL_LIBRARY_DIR)/Frameworks";
				LD_RUNPATH_SEARCH_PATHS = (
					"$(inherited)",
					"@executable_path/../Frameworks",
					"@loader_path/Frameworks",
				);
				PRODUCT_BUNDLE_IDENTIFIER = "com.iManage.drive0.drive-native-hydrator";
				PRODUCT_NAME = "$(TARGET_NAME:c99extidentifier)";
				SKIP_INSTALL = YES;
				VERSIONING_SYSTEM = "apple-generic";
				VERSION_INFO_PREFIX = "";
			};
			name = Debug;
		};
		84DA267C24918A0E0083D85B /* Release */ = {
			isa = XCBuildConfiguration;
			buildSettings = {
				CODE_SIGN_IDENTITY = "Apple Development";
				CODE_SIGN_STYLE = Automatic;
				COMBINE_HIDPI_IMAGES = YES;
				CURRENT_PROJECT_VERSION = 1;
				DEFINES_MODULE = YES;
				DEVELOPMENT_TEAM = HGLC38RWEJ;
				DYLIB_COMPATIBILITY_VERSION = 1;
				DYLIB_CURRENT_VERSION = 1;
				DYLIB_INSTALL_NAME_BASE = "@rpath";
				INFOPLIST_FILE = drive_native_hydrator/Info.plist;
				INSTALL_PATH = "$(LOCAL_LIBRARY_DIR)/Frameworks";
				LD_RUNPATH_SEARCH_PATHS = (
					"$(inherited)",
					"@executable_path/../Frameworks",
					"@loader_path/Frameworks",
				);
				PRODUCT_BUNDLE_IDENTIFIER = "com.iManage.drive.drive-native-hydrator";
				PRODUCT_NAME = "$(TARGET_NAME:c99extidentifier)";
				SKIP_INSTALL = YES;
				VERSIONING_SYSTEM = "apple-generic";
				VERSION_INFO_PREFIX = "";
			};
			name = Release;
		};
		84DA267F24918A0E0083D85B /* Debug */ = {
			isa = XCBuildConfiguration;
			buildSettings = {
				ALWAYS_EMBED_SWIFT_STANDARD_LIBRARIES = YES;
				CODE_SIGN_STYLE = Automatic;
				COMBINE_HIDPI_IMAGES = YES;
				DEVELOPMENT_TEAM = 62RZ5536H4;
				INFOPLIST_FILE = drive_native_hydratorTests/Info.plist;
				LD_RUNPATH_SEARCH_PATHS = (
					"$(inherited)",
					"@executable_path/../Frameworks",
					"@loader_path/../Frameworks",
				);
				PRODUCT_BUNDLE_IDENTIFIER = "com.iManage.drive.drive-native-hydratorTests";
				PRODUCT_NAME = "$(TARGET_NAME)";
				TEST_HOST = "$(BUILT_PRODUCTS_DIR)/drive_native.app/Contents/MacOS/drive_native";
			};
			name = Debug;
		};
		84DA268024918A0E0083D85B /* Release */ = {
			isa = XCBuildConfiguration;
			buildSettings = {
				ALWAYS_EMBED_SWIFT_STANDARD_LIBRARIES = YES;
				CODE_SIGN_STYLE = Automatic;
				COMBINE_HIDPI_IMAGES = YES;
				DEVELOPMENT_TEAM = 62RZ5536H4;
				INFOPLIST_FILE = drive_native_hydratorTests/Info.plist;
				LD_RUNPATH_SEARCH_PATHS = (
					"$(inherited)",
					"@executable_path/../Frameworks",
					"@loader_path/../Frameworks",
				);
				PRODUCT_BUNDLE_IDENTIFIER = "com.iManage.drive.drive-native-hydratorTests";
				PRODUCT_NAME = "$(TARGET_NAME)";
				TEST_HOST = "$(BUILT_PRODUCTS_DIR)/drive_native.app/Contents/MacOS/drive_native";
			};
			name = Release;
		};
/* End XCBuildConfiguration section */

/* Begin XCConfigurationList section */
		840367F0248D8699004A536F /* Build configuration list for PBXProject "drive_native" */ = {
			isa = XCConfigurationList;
			buildConfigurations = (
				8403680E248D869F004A536F /* Debug */,
				8403680F248D869F004A536F /* Release */,
			);
			defaultConfigurationIsVisible = 0;
			defaultConfigurationName = Release;
		};
		84036810248D869F004A536F /* Build configuration list for PBXNativeTarget "drive_native" */ = {
			isa = XCConfigurationList;
			buildConfigurations = (
				84036811248D869F004A536F /* Debug */,
				84036812248D869F004A536F /* Release */,
			);
			defaultConfigurationIsVisible = 0;
			defaultConfigurationName = Release;
		};
		84036829248D874D004A536F /* Build configuration list for PBXNativeTarget "hydrator" */ = {
			isa = XCConfigurationList;
			buildConfigurations = (
				8403682A248D874D004A536F /* Debug */,
				8403682B248D874D004A536F /* Release */,
			);
			defaultConfigurationIsVisible = 0;
			defaultConfigurationName = Release;
		};
		84DA267A24918A0E0083D85B /* Build configuration list for PBXNativeTarget "drive_native_hydrator" */ = {
			isa = XCConfigurationList;
			buildConfigurations = (
				84DA267B24918A0E0083D85B /* Debug */,
				84DA267C24918A0E0083D85B /* Release */,
			);
			defaultConfigurationIsVisible = 0;
			defaultConfigurationName = Release;
		};
		84DA267E24918A0E0083D85B /* Build configuration list for PBXNativeTarget "drive_native_hydratorTests" */ = {
			isa = XCConfigurationList;
			buildConfigurations = (
				84DA267F24918A0E0083D85B /* Debug */,
				84DA268024918A0E0083D85B /* Release */,
			);
			defaultConfigurationIsVisible = 0;
			defaultConfigurationName = Release;
		};
/* End XCConfigurationList section */
	};
	rootObject = 840367ED248D8699004A536F /* Project object */;
}
